<?xml version="1.0" encoding="utf-8"?>
<Project ToolsVersion="4.0" xmlns="http://schemas.microsoft.com/developer/msbuild/2003">
  <ItemGroup>
    <Filter Include="源文件">
      <UniqueIdentifier>{4FC737F1-C7A5-4376-A066-2A32D752A2FF}</UniqueIdentifier>
      <Extensions>cpp;c;cc;cxx;c++;cppm;ixx;def;odl;idl;hpj;bat;asm;asmx</Extensions>
    </Filter>
    <Filter Include="头文件">
      <UniqueIdentifier>{93995380-89BD-4b04-88EB-625FBE52EBFB}</UniqueIdentifier>
      <Extensions>h;hh;hpp;hxx;h++;hm;inl;inc;ipp;xsd</Extensions>
    </Filter>
    <Filter Include="资源文件">
      <UniqueIdentifier>{67DA6AB6-F800-4c08-8B7A-83BB121AAD01}</UniqueIdentifier>
      <Extensions>rc;ico;cur;bmp;dlg;rc2;rct;bin;rgs;gif;jpg;jpeg;jpe;resx;tiff;tif;png;wav;mfcribbon-ms</Extensions>
    </Filter>
    <Filter Include="着色器">
      <UniqueIdentifier>{e67c25f0-6783-4aa9-aa67-4fac7970ebb9}</UniqueIdentifier>
    </Filter>
    <Filter Include="通用文件">
      <UniqueIdentifier>{61558a59-943a-4971-9156-1362dba88294}</UniqueIdentifier>
    </Filter>
  </ItemGroup>
  <ItemGroup>
    <ClCompile Include="Common\WICTextureLoader.cpp">
      <Filter>通用文件</Filter>
    </ClCompile>
    <ClCompile Include="Common\RenderStates.cpp">
      <Filter>通用文件</Filter>
    </ClCompile>
    <ClCompile Include="Common\DXTrace.cpp">
      <Filter>通用文件</Filter>
    </ClCompile>
    <ClCompile Include="Common\d3dUtil.cpp">
      <Filter>通用文件</Filter>
    </ClCompile>
    <ClCompile Include="DX Game\d3dApp.cpp">
      <Filter>源文件</Filter>
    </ClCompile>
    <ClCompile Include="DX Game\GameApp.cpp">
      <Filter>源文件</Filter>
    </ClCompile>
    <ClCompile Include="DX Game\GameObject.cpp">
      <Filter>源文件</Filter>
    </ClCompile>
    <ClCompile Include="DX Game\GameTimer.cpp">
      <Filter>源文件</Filter>
    </ClCompile>
    <ClCompile Include="Common\pch.cpp">
      <Filter>源文件</Filter>
    </ClCompile>
    <ClCompile Include="DX Game\main.cpp">
      <Filter>源文件</Filter>
    </ClCompile>
  </ItemGroup>
  <ItemGroup>
    <ClInclude Include="Common\WICTextureLoader.h">
      <Filter>通用文件</Filter>
    </ClInclude>
    <ClInclude Include="Common\Vertex.h">
      <Filter>通用文件</Filter>
    </ClInclude>
    <ClInclude Include="Common\RenderStates.h">
      <Filter>通用文件</Filter>
    </ClInclude>
    <ClInclude Include="Common\DXTrace.h">
      <Filter>通用文件</Filter>
    </ClInclude>
    <ClInclude Include="Common\d3dUtil.h">
      <Filter>通用文件</Filter>
    </ClInclude>
    <ClInclude Include="Common\Geometry.h">
      <Filter>头文件</Filter>
    </ClInclude>
    <ClInclude Include="Common\pch.h">
      <Filter>头文件</Filter>
    </ClInclude>
    <ClInclude Include="DX Game\d3dApp.h">
      <Filter>头文件</Filter>
    </ClInclude>
    <ClInclude Include="DX Game\GameApp.h">
      <Filter>头文件</Filter>
    </ClInclude>
    <ClInclude Include="DX Game\GameObject.h">
      <Filter>头文件</Filter>
    </ClInclude>
    <ClInclude Include="DX Game\GameTimer.h">
      <Filter>头文件</Filter>
    </ClInclude>
  </ItemGroup>
  <ItemGroup>
    <None Include="HLSL\Triangle.hlsli">
      <Filter>着色器</Filter>
    </None>
    <None Include="HLSL\Basic.hlsli">
      <Filter>着色器</Filter>
    </None>
  </ItemGroup>
  <ItemGroup>
    <FxCompile Include="HLSL\Triangle_PS.hlsl">
      <Filter>着色器</Filter>
    </FxCompile>
    <FxCompile Include="HLSL\Triangle_VS.hlsl">
      <Filter>着色器</Filter>
    </FxCompile>
    <FxCompile Include="HLSL\VS_2D.hlsl">
      <Filter>着色器</Filter>
    </FxCompile>
    <FxCompile Include="HLSL\PS_2D.hlsl">
      <Filter>着色器</Filter>
    </FxCompile>
  </ItemGroup>
  <ItemGroup>
    <Image Include="Resource\test.bmp">
      <Filter>资源文件</Filter>
    </Image>
    <Image Include="Resource\test1 small.png">
      <Filter>资源文件</Filter>
    </Image>
    <Image Include="Resource\test1.png">
      <Filter>资源文件</Filter>
    </Image>
    <Image Include="Resource\test2 small.png">
      <Filter>资源文件</Filter>
    </Image>
    <Image Include="Resource\test2.png">
      <Filter>资源文件</Filter>
    </Image>
  </ItemGroup>
</Project>