<?xml version="1.0" encoding="utf-8"?>
<Project ToolsVersion="4.0" xmlns="http://schemas.microsoft.com/developer/msbuild/2003">
  <ItemGroup>
    <Filter Include="资源文件">
      <UniqueIdentifier>{67DA6AB6-F800-4c08-8B7A-83BB121AAD01}</UniqueIdentifier>
      <Extensions>rc;ico;cur;bmp;dlg;rc2;rct;bin;rgs;gif;jpg;jpeg;jpe;resx;tiff;tif;png;wav;mfcribbon-ms</Extensions>
    </Filter>
    <Filter Include="着色器">
      <UniqueIdentifier>{e67c25f0-6783-4aa9-aa67-4fac7970ebb9}</UniqueIdentifier>
    </Filter>
    <Filter Include="通用文件">
      <UniqueIdentifier>{61558a59-943a-4971-9156-1362dba88294}</UniqueIdentifier>
    </Filter>
    <Filter Include="DX Game">
      <UniqueIdentifier>{93995380-89BD-4b04-88EB-625FBE52EBFB}</UniqueIdentifier>
      <Extensions>h;hh;hpp;hxx;h++;hm;inl;inc;ipp;xsd</Extensions>
    </Filter>
    <Filter Include="Object">
      <UniqueIdentifier>{1edf8f65-4bc7-4264-b101-6508c5595b8f}</UniqueIdentifier>
    </Filter>
    <Filter Include="Effect">
      <UniqueIdentifier>{aaeb560f-6425-441c-90b3-14173e035f85}</UniqueIdentifier>
    </Filter>
  </ItemGroup>
  <ItemGroup>
    <ClCompile Include="Common\WICTextureLoader.cpp">
      <Filter>通用文件</Filter>
    </ClCompile>
    <ClCompile Include="Common\RenderStates.cpp">
      <Filter>通用文件</Filter>
    </ClCompile>
    <ClCompile Include="Common\DXTrace.cpp">
      <Filter>通用文件</Filter>
    </ClCompile>
    <ClCompile Include="Common\d3dUtil.cpp">
      <Filter>通用文件</Filter>
    </ClCompile>
    <ClCompile Include="DX Game\d3dApp.cpp">
      <Filter>DX Game</Filter>
    </ClCompile>
    <ClCompile Include="DX Game\GameApp.cpp">
      <Filter>DX Game</Filter>
    </ClCompile>
    <ClCompile Include="DX Game\GameTimer.cpp">
      <Filter>DX Game</Filter>
    </ClCompile>
    <ClCompile Include="Common\pch.cpp">
      <Filter>DX Game</Filter>
    </ClCompile>
    <ClCompile Include="DX Game\main.cpp">
      <Filter>DX Game</Filter>
    </ClCompile>
    <ClCompile Include="GameObject\MapBase.cpp">
      <Filter>Object</Filter>
    </ClCompile>
    <ClCompile Include="GameObject\GameObject.cpp">
      <Filter>Object</Filter>
    </ClCompile>
  </ItemGroup>
  <ItemGroup>
    <ClInclude Include="Common\WICTextureLoader.h">
      <Filter>通用文件</Filter>
    </ClInclude>
    <ClInclude Include="Common\Vertex.h">
      <Filter>通用文件</Filter>
    </ClInclude>
    <ClInclude Include="Common\RenderStates.h">
      <Filter>通用文件</Filter>
    </ClInclude>
    <ClInclude Include="Common\DXTrace.h">
      <Filter>通用文件</Filter>
    </ClInclude>
    <ClInclude Include="Common\d3dUtil.h">
      <Filter>通用文件</Filter>
    </ClInclude>
    <ClInclude Include="Common\pch.h">
      <Filter>DX Game</Filter>
    </ClInclude>
    <ClInclude Include="DX Game\d3dApp.h">
      <Filter>DX Game</Filter>
    </ClInclude>
    <ClInclude Include="DX Game\GameApp.h">
      <Filter>DX Game</Filter>
    </ClInclude>
    <ClInclude Include="DX Game\GameTimer.h">
      <Filter>DX Game</Filter>
    </ClInclude>
    <ClInclude Include="Common\Geometry.h">
      <Filter>通用文件</Filter>
    </ClInclude>
    <ClInclude Include="GameObject\MapBase.h">
      <Filter>Object</Filter>
    </ClInclude>
    <ClInclude Include="GameObject\GameObject.h">
      <Filter>Object</Filter>
    </ClInclude>
    <ClInclude Include="ShaderBase.h">
      <Filter>Effect</Filter>
    </ClInclude>
  </ItemGroup>
  <ItemGroup>
    <None Include="HLSL\Basic.hlsli">
      <Filter>着色器</Filter>
    </None>
  </ItemGroup>
  <ItemGroup>
    <FxCompile Include="HLSL\VS_2D.hlsl">
      <Filter>着色器</Filter>
    </FxCompile>
    <FxCompile Include="HLSL\PS_2D.hlsl">
      <Filter>着色器</Filter>
    </FxCompile>
  </ItemGroup>
  <ItemGroup>
    <Image Include="Resource\test.bmp">
      <Filter>资源文件</Filter>
    </Image>
    <Image Include="Resource\test1 small.png">
      <Filter>资源文件</Filter>
    </Image>
    <Image Include="Resource\test1.png">
      <Filter>资源文件</Filter>
    </Image>
    <Image Include="Resource\test2 small.png">
      <Filter>资源文件</Filter>
    </Image>
    <Image Include="Resource\test2.png">
      <Filter>资源文件</Filter>
    </Image>
  </ItemGroup>
</Project>